
Microsoft Visual Studio Solution File, Format Version 12.00
# Visual Studio Version 17
VisualStudioVersion = 17.0.31903.59
MinimumVisualStudioVersion = 10.0.40219.1
Project("{2150E333-8FDC-42A3-9474-1A3956D46DE8}") = "src", "src", "{827E0CD3-B72D-47B6-A68D-7590B98EB39B}"
EndProject
Project("{FAE04EC0-301F-11D3-BF4B-00C04F79EFBC}") = "xws", "src\xws\xws.csproj", "{6BD5346F-2FDB-4D30-9EC9-D0E36A96F7F3}"
EndProject
Project("{FAE04EC0-301F-11D3-BF4B-00C04F79EFBC}") = "Xws.Exec", "src\Xws.Exec\Xws.Exec.csproj", "{E735181D-9A5F-45CF-AF15-DAAAAC55DA72}"
EndProject
Project("{FAE04EC0-301F-11D3-BF4B-00C04F79EFBC}") = "Xws.Exec.Tests", "tests\Xws.Exec.Tests\Xws.Exec.Tests.csproj", "{80AFBFC5-3B1D-41C9-B781-5861B90A1783}"
EndProject
Project("{FAE04EC0-301F-11D3-BF4B-00C04F79EFBC}") = "xws.exec.cli", "src\xws.exec.cli\xws.exec.cli.csproj", "{9E8C844D-AB9B-4166-85D1-D56EFCF39443}"
EndProject
Project("{FAE04EC0-301F-11D3-BF4B-00C04F79EFBC}") = "Xws.Exchanges", "src\Xws.Exchanges\Xws.Exchanges.csproj", "{93B14002-EC0A-4617-906E-75D71B7DFA51}"
EndProject
Project("{FAE04EC0-301F-11D3-BF4B-00C04F79EFBC}") = "Xws.Abstractions", "src\Xws.Abstractions\Xws.Abstractions.csproj", "{8C1F8ABA-3385-4FD4-9DC0-1040532B8986}"
EndProject
Project("{2150E333-8FDC-42A3-9474-1A3956D46DE8}") = "Xws.Core", "Xws.Core", "{5E18B5C3-C7D0-C34D-5FE9-FBE611F2691E}"
EndProject
Project("{FAE04EC0-301F-11D3-BF4B-00C04F79EFBC}") = "Xws.Data", "src\Xws.Core\Xws.Data.csproj", "{227D2D9D-1AA9-43FE-825D-B44D19A362B5}"
EndProject
Project("{2150E333-8FDC-42A3-9474-1A3956D46DE8}") = "tests", "tests", "{0AB3BF05-4346-4AA6-1389-037BE0695223}"
EndProject
Project("{FAE04EC0-301F-11D3-BF4B-00C04F79EFBC}") = "Xws.Data.Tests", "tests\Xws.Data.Tests\Xws.Data.Tests.csproj", "{57328E52-19D3-46E7-B30A-CEBBABF60217}"
EndProject
Project("{FAE04EC0-301F-11D3-BF4B-00C04F79EFBC}") = "Xws.Exchanges.Tests", "tests\Xws.Exchanges.Tests\Xws.Exchanges.Tests.csproj", "{B5F60EDE-8192-4BCD-81F2-5C93D53FCCED}"
EndProject
Global
	GlobalSection(SolutionConfigurationPlatforms) = preSolution
		Debug|Any CPU = Debug|Any CPU
		Debug|x64 = Debug|x64
		Debug|x86 = Debug|x86
		Release|Any CPU = Release|Any CPU
		Release|x64 = Release|x64
		Release|x86 = Release|x86
	EndGlobalSection
	GlobalSection(ProjectConfigurationPlatforms) = postSolution
		{6BD5346F-2FDB-4D30-9EC9-D0E36A96F7F3}.Debug|Any CPU.ActiveCfg = Debug|Any CPU
		{6BD5346F-2FDB-4D30-9EC9-D0E36A96F7F3}.Debug|Any CPU.Build.0 = Debug|Any CPU
		{6BD5346F-2FDB-4D30-9EC9-D0E36A96F7F3}.Debug|x64.ActiveCfg = Debug|Any CPU
		{6BD5346F-2FDB-4D30-9EC9-D0E36A96F7F3}.Debug|x64.Build.0 = Debug|Any CPU
		{6BD5346F-2FDB-4D30-9EC9-D0E36A96F7F3}.Debug|x86.ActiveCfg = Debug|Any CPU
		{6BD5346F-2FDB-4D30-9EC9-D0E36A96F7F3}.Debug|x86.Build.0 = Debug|Any CPU
		{6BD5346F-2FDB-4D30-9EC9-D0E36A96F7F3}.Release|Any CPU.ActiveCfg = Release|Any CPU
		{6BD5346F-2FDB-4D30-9EC9-D0E36A96F7F3}.Release|Any CPU.Build.0 = Release|Any CPU
		{6BD5346F-2FDB-4D30-9EC9-D0E36A96F7F3}.Release|x64.ActiveCfg = Release|Any CPU
		{6BD5346F-2FDB-4D30-9EC9-D0E36A96F7F3}.Release|x64.Build.0 = Release|Any CPU
		{6BD5346F-2FDB-4D30-9EC9-D0E36A96F7F3}.Release|x86.ActiveCfg = Release|Any CPU
		{6BD5346F-2FDB-4D30-9EC9-D0E36A96F7F3}.Release|x86.Build.0 = Release|Any CPU
		{E735181D-9A5F-45CF-AF15-DAAAAC55DA72}.Debug|Any CPU.ActiveCfg = Debug|Any CPU
		{E735181D-9A5F-45CF-AF15-DAAAAC55DA72}.Debug|Any CPU.Build.0 = Debug|Any CPU
		{E735181D-9A5F-45CF-AF15-DAAAAC55DA72}.Debug|x64.ActiveCfg = Debug|Any CPU
		{E735181D-9A5F-45CF-AF15-DAAAAC55DA72}.Debug|x64.Build.0 = Debug|Any CPU
		{E735181D-9A5F-45CF-AF15-DAAAAC55DA72}.Debug|x86.ActiveCfg = Debug|Any CPU
		{E735181D-9A5F-45CF-AF15-DAAAAC55DA72}.Debug|x86.Build.0 = Debug|Any CPU
		{E735181D-9A5F-45CF-AF15-DAAAAC55DA72}.Release|Any CPU.ActiveCfg = Release|Any CPU
		{E735181D-9A5F-45CF-AF15-DAAAAC55DA72}.Release|Any CPU.Build.0 = Release|Any CPU
		{E735181D-9A5F-45CF-AF15-DAAAAC55DA72}.Release|x64.ActiveCfg = Release|Any CPU
		{E735181D-9A5F-45CF-AF15-DAAAAC55DA72}.Release|x64.Build.0 = Release|Any CPU
		{E735181D-9A5F-45CF-AF15-DAAAAC55DA72}.Release|x86.ActiveCfg = Release|Any CPU
		{E735181D-9A5F-45CF-AF15-DAAAAC55DA72}.Release|x86.Build.0 = Release|Any CPU
		{80AFBFC5-3B1D-41C9-B781-5861B90A1783}.Debug|Any CPU.ActiveCfg = Debug|Any CPU
		{80AFBFC5-3B1D-41C9-B781-5861B90A1783}.Debug|Any CPU.Build.0 = Debug|Any CPU
		{80AFBFC5-3B1D-41C9-B781-5861B90A1783}.Debug|x64.ActiveCfg = Debug|Any CPU
		{80AFBFC5-3B1D-41C9-B781-5861B90A1783}.Debug|x64.Build.0 = Debug|Any CPU
		{80AFBFC5-3B1D-41C9-B781-5861B90A1783}.Debug|x86.ActiveCfg = Debug|Any CPU
		{80AFBFC5-3B1D-41C9-B781-5861B90A1783}.Debug|x86.Build.0 = Debug|Any CPU
		{80AFBFC5-3B1D-41C9-B781-5861B90A1783}.Release|Any CPU.ActiveCfg = Release|Any CPU
		{80AFBFC5-3B1D-41C9-B781-5861B90A1783}.Release|Any CPU.Build.0 = Release|Any CPU
		{80AFBFC5-3B1D-41C9-B781-5861B90A1783}.Release|x64.ActiveCfg = Release|Any CPU
		{80AFBFC5-3B1D-41C9-B781-5861B90A1783}.Release|x64.Build.0 = Release|Any CPU
		{80AFBFC5-3B1D-41C9-B781-5861B90A1783}.Release|x86.ActiveCfg = Release|Any CPU
		{80AFBFC5-3B1D-41C9-B781-5861B90A1783}.Release|x86.Build.0 = Release|Any CPU
		{9E8C844D-AB9B-4166-85D1-D56EFCF39443}.Debug|Any CPU.ActiveCfg = Debug|Any CPU
		{9E8C844D-AB9B-4166-85D1-D56EFCF39443}.Debug|Any CPU.Build.0 = Debug|Any CPU
		{9E8C844D-AB9B-4166-85D1-D56EFCF39443}.Debug|x64.ActiveCfg = Debug|Any CPU
		{9E8C844D-AB9B-4166-85D1-D56EFCF39443}.Debug|x64.Build.0 = Debug|Any CPU
		{9E8C844D-AB9B-4166-85D1-D56EFCF39443}.Debug|x86.ActiveCfg = Debug|Any CPU
		{9E8C844D-AB9B-4166-85D1-D56EFCF39443}.Debug|x86.Build.0 = Debug|Any CPU
		{9E8C844D-AB9B-4166-85D1-D56EFCF39443}.Release|Any CPU.ActiveCfg = Release|Any CPU
		{9E8C844D-AB9B-4166-85D1-D56EFCF39443}.Release|Any CPU.Build.0 = Release|Any CPU
		{9E8C844D-AB9B-4166-85D1-D56EFCF39443}.Release|x64.ActiveCfg = Release|Any CPU
		{9E8C844D-AB9B-4166-85D1-D56EFCF39443}.Release|x64.Build.0 = Release|Any CPU
		{9E8C844D-AB9B-4166-85D1-D56EFCF39443}.Release|x86.ActiveCfg = Release|Any CPU
		{9E8C844D-AB9B-4166-85D1-D56EFCF39443}.Release|x86.Build.0 = Release|Any CPU
		{93B14002-EC0A-4617-906E-75D71B7DFA51}.Debug|Any CPU.ActiveCfg = Debug|Any CPU
		{93B14002-EC0A-4617-906E-75D71B7DFA51}.Debug|Any CPU.Build.0 = Debug|Any CPU
		{93B14002-EC0A-4617-906E-75D71B7DFA51}.Debug|x64.ActiveCfg = Debug|Any CPU
		{93B14002-EC0A-4617-906E-75D71B7DFA51}.Debug|x64.Build.0 = Debug|Any CPU
		{93B14002-EC0A-4617-906E-75D71B7DFA51}.Debug|x86.ActiveCfg = Debug|Any CPU
		{93B14002-EC0A-4617-906E-75D71B7DFA51}.Debug|x86.Build.0 = Debug|Any CPU
		{93B14002-EC0A-4617-906E-75D71B7DFA51}.Release|Any CPU.ActiveCfg = Release|Any CPU
		{93B14002-EC0A-4617-906E-75D71B7DFA51}.Release|Any CPU.Build.0 = Release|Any CPU
		{93B14002-EC0A-4617-906E-75D71B7DFA51}.Release|x64.ActiveCfg = Release|Any CPU
		{93B14002-EC0A-4617-906E-75D71B7DFA51}.Release|x64.Build.0 = Release|Any CPU
		{93B14002-EC0A-4617-906E-75D71B7DFA51}.Release|x86.ActiveCfg = Release|Any CPU
		{93B14002-EC0A-4617-906E-75D71B7DFA51}.Release|x86.Build.0 = Release|Any CPU
		{8C1F8ABA-3385-4FD4-9DC0-1040532B8986}.Debug|Any CPU.ActiveCfg = Debug|Any CPU
		{8C1F8ABA-3385-4FD4-9DC0-1040532B8986}.Debug|Any CPU.Build.0 = Debug|Any CPU
		{8C1F8ABA-3385-4FD4-9DC0-1040532B8986}.Debug|x64.ActiveCfg = Debug|Any CPU
		{8C1F8ABA-3385-4FD4-9DC0-1040532B8986}.Debug|x64.Build.0 = Debug|Any CPU
		{8C1F8ABA-3385-4FD4-9DC0-1040532B8986}.Debug|x86.ActiveCfg = Debug|Any CPU
		{8C1F8ABA-3385-4FD4-9DC0-1040532B8986}.Debug|x86.Build.0 = Debug|Any CPU
		{8C1F8ABA-3385-4FD4-9DC0-1040532B8986}.Release|Any CPU.ActiveCfg = Release|Any CPU
		{8C1F8ABA-3385-4FD4-9DC0-1040532B8986}.Release|Any CPU.Build.0 = Release|Any CPU
		{8C1F8ABA-3385-4FD4-9DC0-1040532B8986}.Release|x64.ActiveCfg = Release|Any CPU
		{8C1F8ABA-3385-4FD4-9DC0-1040532B8986}.Release|x64.Build.0 = Release|Any CPU
		{8C1F8ABA-3385-4FD4-9DC0-1040532B8986}.Release|x86.ActiveCfg = Release|Any CPU
		{8C1F8ABA-3385-4FD4-9DC0-1040532B8986}.Release|x86.Build.0 = Release|Any CPU
		{227D2D9D-1AA9-43FE-825D-B44D19A362B5}.Debug|Any CPU.ActiveCfg = Debug|Any CPU
		{227D2D9D-1AA9-43FE-825D-B44D19A362B5}.Debug|Any CPU.Build.0 = Debug|Any CPU
		{227D2D9D-1AA9-43FE-825D-B44D19A362B5}.Debug|x64.ActiveCfg = Debug|Any CPU
		{227D2D9D-1AA9-43FE-825D-B44D19A362B5}.Debug|x64.Build.0 = Debug|Any CPU
		{227D2D9D-1AA9-43FE-825D-B44D19A362B5}.Debug|x86.ActiveCfg = Debug|Any CPU
		{227D2D9D-1AA9-43FE-825D-B44D19A362B5}.Debug|x86.Build.0 = Debug|Any CPU
		{227D2D9D-1AA9-43FE-825D-B44D19A362B5}.Release|Any CPU.ActiveCfg = Release|Any CPU
		{227D2D9D-1AA9-43FE-825D-B44D19A362B5}.Release|Any CPU.Build.0 = Release|Any CPU
		{227D2D9D-1AA9-43FE-825D-B44D19A362B5}.Release|x64.ActiveCfg = Release|Any CPU
		{227D2D9D-1AA9-43FE-825D-B44D19A362B5}.Release|x64.Build.0 = Release|Any CPU
		{227D2D9D-1AA9-43FE-825D-B44D19A362B5}.Release|x86.ActiveCfg = Release|Any CPU
		{227D2D9D-1AA9-43FE-825D-B44D19A362B5}.Release|x86.Build.0 = Release|Any CPU
		{57328E52-19D3-46E7-B30A-CEBBABF60217}.Debug|Any CPU.ActiveCfg = Debug|Any CPU
		{57328E52-19D3-46E7-B30A-CEBBABF60217}.Debug|Any CPU.Build.0 = Debug|Any CPU
		{57328E52-19D3-46E7-B30A-CEBBABF60217}.Debug|x64.ActiveCfg = Debug|Any CPU
		{57328E52-19D3-46E7-B30A-CEBBABF60217}.Debug|x64.Build.0 = Debug|Any CPU
		{57328E52-19D3-46E7-B30A-CEBBABF60217}.Debug|x86.ActiveCfg = Debug|Any CPU
		{57328E52-19D3-46E7-B30A-CEBBABF60217}.Debug|x86.Build.0 = Debug|Any CPU
		{57328E52-19D3-46E7-B30A-CEBBABF60217}.Release|Any CPU.ActiveCfg = Release|Any CPU
		{57328E52-19D3-46E7-B30A-CEBBABF60217}.Release|Any CPU.Build.0 = Release|Any CPU
		{57328E52-19D3-46E7-B30A-CEBBABF60217}.Release|x64.ActiveCfg = Release|Any CPU
		{57328E52-19D3-46E7-B30A-CEBBABF60217}.Release|x64.Build.0 = Release|Any CPU
		{57328E52-19D3-46E7-B30A-CEBBABF60217}.Release|x86.ActiveCfg = Release|Any CPU
		{57328E52-19D3-46E7-B30A-CEBBABF60217}.Release|x86.Build.0 = Release|Any CPU
		{B5F60EDE-8192-4BCD-81F2-5C93D53FCCED}.Debug|Any CPU.ActiveCfg = Debug|Any CPU
		{B5F60EDE-8192-4BCD-81F2-5C93D53FCCED}.Debug|Any CPU.Build.0 = Debug|Any CPU
		{B5F60EDE-8192-4BCD-81F2-5C93D53FCCED}.Debug|x64.ActiveCfg = Debug|Any CPU
		{B5F60EDE-8192-4BCD-81F2-5C93D53FCCED}.Debug|x64.Build.0 = Debug|Any CPU
		{B5F60EDE-8192-4BCD-81F2-5C93D53FCCED}.Debug|x86.ActiveCfg = Debug|Any CPU
		{B5F60EDE-8192-4BCD-81F2-5C93D53FCCED}.Debug|x86.Build.0 = Debug|Any CPU
		{B5F60EDE-8192-4BCD-81F2-5C93D53FCCED}.Release|Any CPU.ActiveCfg = Release|Any CPU
		{B5F60EDE-8192-4BCD-81F2-5C93D53FCCED}.Release|Any CPU.Build.0 = Release|Any CPU
		{B5F60EDE-8192-4BCD-81F2-5C93D53FCCED}.Release|x64.ActiveCfg = Release|Any CPU
		{B5F60EDE-8192-4BCD-81F2-5C93D53FCCED}.Release|x64.Build.0 = Release|Any CPU
		{B5F60EDE-8192-4BCD-81F2-5C93D53FCCED}.Release|x86.ActiveCfg = Release|Any CPU
		{B5F60EDE-8192-4BCD-81F2-5C93D53FCCED}.Release|x86.Build.0 = Release|Any CPU
	EndGlobalSection
	GlobalSection(SolutionProperties) = preSolution
		HideSolutionNode = FALSE
	EndGlobalSection
	GlobalSection(NestedProjects) = preSolution
		{6BD5346F-2FDB-4D30-9EC9-D0E36A96F7F3} = {827E0CD3-B72D-47B6-A68D-7590B98EB39B}
		{E735181D-9A5F-45CF-AF15-DAAAAC55DA72} = {827E0CD3-B72D-47B6-A68D-7590B98EB39B}
		{80AFBFC5-3B1D-41C9-B781-5861B90A1783} = {827E0CD3-B72D-47B6-A68D-7590B98EB39B}
		{9E8C844D-AB9B-4166-85D1-D56EFCF39443} = {827E0CD3-B72D-47B6-A68D-7590B98EB39B}
		{93B14002-EC0A-4617-906E-75D71B7DFA51} = {827E0CD3-B72D-47B6-A68D-7590B98EB39B}
		{8C1F8ABA-3385-4FD4-9DC0-1040532B8986} = {827E0CD3-B72D-47B6-A68D-7590B98EB39B}
		{5E18B5C3-C7D0-C34D-5FE9-FBE611F2691E} = {827E0CD3-B72D-47B6-A68D-7590B98EB39B}
		{227D2D9D-1AA9-43FE-825D-B44D19A362B5} = {5E18B5C3-C7D0-C34D-5FE9-FBE611F2691E}
		{57328E52-19D3-46E7-B30A-CEBBABF60217} = {0AB3BF05-4346-4AA6-1389-037BE0695223}
		{B5F60EDE-8192-4BCD-81F2-5C93D53FCCED} = {0AB3BF05-4346-4AA6-1389-037BE0695223}
	EndGlobalSection
EndGlobal
